
Microsoft Visual Studio Solution File, Format Version 12.00
# Visual Studio Version 16
VisualStudioVersion = 16.0.30309.148
MinimumVisualStudioVersion = 10.0.40219.1
Project("{9A19103F-16F7-4668-BE54-9A1E7A4F7556}") = "ReseauSocial.API", "ReseauSocial.API\ReseauSocial.API.csproj", "{BB29D5D4-B8D5-4A15-A5A0-F1B9BEDBD39F}"
EndProject
Project("{FAE04EC0-301F-11D3-BF4B-00C04F79EFBC}") = "ReseauSocial.Domaine", "ReseauSocial.Domaine\ReseauSocial.Domaine.csproj", "{284DEA78-231B-439E-83ED-8385BCC99B9B}"
EndProject
Project("{FAE04EC0-301F-11D3-BF4B-00C04F79EFBC}") = "ReseauSocial.Service", "ReseauSocial.Service\ReseauSocial.Service.csproj", "{4604CCA7-B511-4D3A-AB9F-1B37EB144A32}"
EndProject
Project("{FAE04EC0-301F-11D3-BF4B-00C04F79EFBC}") = "ReseauSocial.Infrastructure", "ReseauSocial.Infrastructure\ReseauSocial.Infrastructure.csproj", "{86AF6DAB-20F8-471F-A044-D3F5CD15EEBF}"
EndProject
Global
	GlobalSection(SolutionConfigurationPlatforms) = preSolution
		Debug|Any CPU = Debug|Any CPU
		Release|Any CPU = Release|Any CPU
	EndGlobalSection
	GlobalSection(ProjectConfigurationPlatforms) = postSolution
		{BB29D5D4-B8D5-4A15-A5A0-F1B9BEDBD39F}.Debug|Any CPU.ActiveCfg = Debug|Any CPU
		{BB29D5D4-B8D5-4A15-A5A0-F1B9BEDBD39F}.Debug|Any CPU.Build.0 = Debug|Any CPU
		{BB29D5D4-B8D5-4A15-A5A0-F1B9BEDBD39F}.Release|Any CPU.ActiveCfg = Release|Any CPU
		{BB29D5D4-B8D5-4A15-A5A0-F1B9BEDBD39F}.Release|Any CPU.Build.0 = Release|Any CPU
		{284DEA78-231B-439E-83ED-8385BCC99B9B}.Debug|Any CPU.ActiveCfg = Debug|Any CPU
		{284DEA78-231B-439E-83ED-8385BCC99B9B}.Debug|Any CPU.Build.0 = Debug|Any CPU
		{284DEA78-231B-439E-83ED-8385BCC99B9B}.Release|Any CPU.ActiveCfg = Release|Any CPU
		{284DEA78-231B-439E-83ED-8385BCC99B9B}.Release|Any CPU.Build.0 = Release|Any CPU
		{4604CCA7-B511-4D3A-AB9F-1B37EB144A32}.Debug|Any CPU.ActiveCfg = Debug|Any CPU
		{4604CCA7-B511-4D3A-AB9F-1B37EB144A32}.Debug|Any CPU.Build.0 = Debug|Any CPU
		{4604CCA7-B511-4D3A-AB9F-1B37EB144A32}.Release|Any CPU.ActiveCfg = Release|Any CPU
		{4604CCA7-B511-4D3A-AB9F-1B37EB144A32}.Release|Any CPU.Build.0 = Release|Any CPU
		{86AF6DAB-20F8-471F-A044-D3F5CD15EEBF}.Debug|Any CPU.ActiveCfg = Debug|Any CPU
		{86AF6DAB-20F8-471F-A044-D3F5CD15EEBF}.Debug|Any CPU.Build.0 = Debug|Any CPU
		{86AF6DAB-20F8-471F-A044-D3F5CD15EEBF}.Release|Any CPU.ActiveCfg = Release|Any CPU
		{86AF6DAB-20F8-471F-A044-D3F5CD15EEBF}.Release|Any CPU.Build.0 = Release|Any CPU
	EndGlobalSection
	GlobalSection(SolutionProperties) = preSolution
		HideSolutionNode = FALSE
	EndGlobalSection
	GlobalSection(ExtensibilityGlobals) = postSolution
		SolutionGuid = {E08BE08E-B122-422C-BC35-1EB25F6FD286}
	EndGlobalSection
EndGlobal
